
Microsoft Visual Studio Solution File, Format Version 12.00
# Visual Studio Version 17
VisualStudioVersion = 17.4.33110.190
MinimumVisualStudioVersion = 10.0.40219.1
Project("{FAE04EC0-301F-11D3-BF4B-00C04F79EFBC}") = "ProjetoAula04", "ProjetoAula04\ProjetoAula04.csproj", "{8BA212A4-90EF-42D6-9EAC-B7130D238363}"
EndProject
Global
	GlobalSection(SolutionConfigurationPlatforms) = preSolution
		Debug|Any CPU = Debug|Any CPU
		Release|Any CPU = Release|Any CPU
	EndGlobalSection
	GlobalSection(ProjectConfigurationPlatforms) = postSolution
		{8BA212A4-90EF-42D6-9EAC-B7130D238363}.Debug|Any CPU.ActiveCfg = Debug|Any CPU
		{8BA212A4-90EF-42D6-9EAC-B7130D238363}.Debug|Any CPU.Build.0 = Debug|Any CPU
		{8BA212A4-90EF-42D6-9EAC-B7130D238363}.Release|Any CPU.ActiveCfg = Release|Any CPU
		{8BA212A4-90EF-42D6-9EAC-B7130D238363}.Release|Any CPU.Build.0 = Release|Any CPU
	EndGlobalSection
	GlobalSection(SolutionProperties) = preSolution
		HideSolutionNode = FALSE
	EndGlobalSection
	GlobalSection(ExtensibilityGlobals) = postSolution
		SolutionGuid = {10287707-9E62-48C2-A9D0-F3C104D8CE84}
	EndGlobalSection
EndGlobal
